
Microsoft Visual Studio Solution File, Format Version 12.00
# Visual Studio 2012
Project("{FAE04EC0-301F-11D3-BF4B-00C04F79EFBC}") = "labMonitoring", "labMonitoring\labMonitoring.csproj", "{D668E95B-5B4A-46A8-934B-E8F1FE53AE18}"
EndProject
Global
	GlobalSection(SolutionConfigurationPlatforms) = preSolution
		Debug|Any CPU = Debug|Any CPU
		Release|Any CPU = Release|Any CPU
	EndGlobalSection
	GlobalSection(ProjectConfigurationPlatforms) = postSolution
		{D668E95B-5B4A-46A8-934B-E8F1FE53AE18}.Debug|Any CPU.ActiveCfg = Debug|Any CPU
		{D668E95B-5B4A-46A8-934B-E8F1FE53AE18}.Debug|Any CPU.Build.0 = Debug|Any CPU
		{D668E95B-5B4A-46A8-934B-E8F1FE53AE18}.Release|Any CPU.ActiveCfg = Release|Any CPU
		{D668E95B-5B4A-46A8-934B-E8F1FE53AE18}.Release|Any CPU.Build.0 = Release|Any CPU
	EndGlobalSection
	GlobalSection(SolutionProperties) = preSolution
		HideSolutionNode = FALSE
	EndGlobalSection
EndGlobal
